
Microsoft Visual Studio Solution File, Format Version 12.00
# Visual Studio Version 17
VisualStudioVersion = 17.7.34031.279
MinimumVisualStudioVersion = 10.0.40219.1
Project("{9A19103F-16F7-4668-BE54-9A1E7A4F7556}") = "V8-R8-Hub", "V8-R8-Hub\V8-R8-Hub.csproj", "{560DF4C0-6B2A-4F42-8998-50B7E7E317A2}"
EndProject
Project("{9A19103F-16F7-4668-BE54-9A1E7A4F7556}") = "DbUpgrader", "DbUpgrader\DbUpgrader.csproj", "{F95929AD-5E78-4797-95A1-5248E3CC26E6}"
EndProject
Project("{9A19103F-16F7-4668-BE54-9A1E7A4F7556}") = "Shared", "Shared\Shared.csproj", "{D62EADB0-E219-45AC-85AF-FF1D9CBC5097}"
EndProject
Project("{9A19103F-16F7-4668-BE54-9A1E7A4F7556}") = "UnitTest", "UnitTest\UnitTest.csproj", "{0B904E33-C169-4071-BA57-1E23A9D6EC89}"
EndProject
Project("{FAE04EC0-301F-11D3-BF4B-00C04F79EFBC}") = "E2ETest", "E2ETest\E2ETest.csproj", "{895C411B-07AB-4A76-97CD-8138F2745158}"
EndProject
Global
	GlobalSection(SolutionConfigurationPlatforms) = preSolution
		Debug|Any CPU = Debug|Any CPU
		Release|Any CPU = Release|Any CPU
	EndGlobalSection
	GlobalSection(ProjectConfigurationPlatforms) = postSolution
		{560DF4C0-6B2A-4F42-8998-50B7E7E317A2}.Debug|Any CPU.ActiveCfg = Debug|Any CPU
		{560DF4C0-6B2A-4F42-8998-50B7E7E317A2}.Debug|Any CPU.Build.0 = Debug|Any CPU
		{560DF4C0-6B2A-4F42-8998-50B7E7E317A2}.Release|Any CPU.ActiveCfg = Release|Any CPU
		{560DF4C0-6B2A-4F42-8998-50B7E7E317A2}.Release|Any CPU.Build.0 = Release|Any CPU
		{F95929AD-5E78-4797-95A1-5248E3CC26E6}.Debug|Any CPU.ActiveCfg = Debug|Any CPU
		{F95929AD-5E78-4797-95A1-5248E3CC26E6}.Debug|Any CPU.Build.0 = Debug|Any CPU
		{F95929AD-5E78-4797-95A1-5248E3CC26E6}.Release|Any CPU.ActiveCfg = Release|Any CPU
		{F95929AD-5E78-4797-95A1-5248E3CC26E6}.Release|Any CPU.Build.0 = Release|Any CPU
		{D62EADB0-E219-45AC-85AF-FF1D9CBC5097}.Debug|Any CPU.ActiveCfg = Debug|Any CPU
		{D62EADB0-E219-45AC-85AF-FF1D9CBC5097}.Debug|Any CPU.Build.0 = Debug|Any CPU
		{D62EADB0-E219-45AC-85AF-FF1D9CBC5097}.Release|Any CPU.ActiveCfg = Release|Any CPU
		{D62EADB0-E219-45AC-85AF-FF1D9CBC5097}.Release|Any CPU.Build.0 = Release|Any CPU
		{0B904E33-C169-4071-BA57-1E23A9D6EC89}.Debug|Any CPU.ActiveCfg = Debug|Any CPU
		{0B904E33-C169-4071-BA57-1E23A9D6EC89}.Debug|Any CPU.Build.0 = Debug|Any CPU
		{0B904E33-C169-4071-BA57-1E23A9D6EC89}.Release|Any CPU.ActiveCfg = Release|Any CPU
		{0B904E33-C169-4071-BA57-1E23A9D6EC89}.Release|Any CPU.Build.0 = Release|Any CPU
		{895C411B-07AB-4A76-97CD-8138F2745158}.Debug|Any CPU.ActiveCfg = Debug|Any CPU
		{895C411B-07AB-4A76-97CD-8138F2745158}.Debug|Any CPU.Build.0 = Debug|Any CPU
		{895C411B-07AB-4A76-97CD-8138F2745158}.Release|Any CPU.ActiveCfg = Release|Any CPU
		{895C411B-07AB-4A76-97CD-8138F2745158}.Release|Any CPU.Build.0 = Release|Any CPU
	EndGlobalSection
	GlobalSection(SolutionProperties) = preSolution
		HideSolutionNode = FALSE
	EndGlobalSection
	GlobalSection(ExtensibilityGlobals) = postSolution
		SolutionGuid = {660DA0A5-265C-466D-B7CD-6D8A5A9DD96A}
	EndGlobalSection
EndGlobal
